
Microsoft Visual Studio Solution File, Format Version 12.00
# Visual Studio Version 17
VisualStudioVersion = 17.4.33213.308
MinimumVisualStudioVersion = 10.0.40219.1
Project("{FAE04EC0-301F-11D3-BF4B-00C04F79EFBC}") = "Test", "Test\Test.csproj", "{9B695455-3E59-436C-8471-EB000CD1D869}"
EndProject
Project("{FAE04EC0-301F-11D3-BF4B-00C04F79EFBC}") = "Test.Tests", "Test.Tests\Test.Tests.csproj", "{6564EEA0-3438-43B9-BCCD-822A838B0EB5}"
EndProject
Global
	GlobalSection(SolutionConfigurationPlatforms) = preSolution
		Debug|Any CPU = Debug|Any CPU
		Release|Any CPU = Release|Any CPU
	EndGlobalSection
	GlobalSection(ProjectConfigurationPlatforms) = postSolution
		{9B695455-3E59-436C-8471-EB000CD1D869}.Debug|Any CPU.ActiveCfg = Debug|Any CPU
		{9B695455-3E59-436C-8471-EB000CD1D869}.Debug|Any CPU.Build.0 = Debug|Any CPU
		{9B695455-3E59-436C-8471-EB000CD1D869}.Release|Any CPU.ActiveCfg = Release|Any CPU
		{9B695455-3E59-436C-8471-EB000CD1D869}.Release|Any CPU.Build.0 = Release|Any CPU
		{6564EEA0-3438-43B9-BCCD-822A838B0EB5}.Debug|Any CPU.ActiveCfg = Debug|Any CPU
		{6564EEA0-3438-43B9-BCCD-822A838B0EB5}.Debug|Any CPU.Build.0 = Debug|Any CPU
		{6564EEA0-3438-43B9-BCCD-822A838B0EB5}.Release|Any CPU.ActiveCfg = Release|Any CPU
		{6564EEA0-3438-43B9-BCCD-822A838B0EB5}.Release|Any CPU.Build.0 = Release|Any CPU
	EndGlobalSection
	GlobalSection(SolutionProperties) = preSolution
		HideSolutionNode = FALSE
	EndGlobalSection
	GlobalSection(ExtensibilityGlobals) = postSolution
		SolutionGuid = {5F5CF8AE-54A3-494A-BE48-37FCB70F1592}
	EndGlobalSection
EndGlobal
